{
  "name": "Bo-s-Steel-Armor-Tools-Weapons",
  "version": "0.0.0",
  "lockfileVersion": 2,
  "requires": true,
  "packages": {
    "": {
      "version": "0.0.0",
      "dependencies": {
        "minecraft-forge-utils": "file:../minecraft-forge-utils"
      }
    },
    "../minecraft-forge-utils": {
      "version": "1.3.3",
      "license": "Apache-2.0",
      "dependencies": {
        "chalk": "^4.1.2",
        "enquirer": "^2.3.6",
        "fs-extra": "^10.0.0",
        "minecraft-utils-shared": "^0.2.5"
      },
      "bin": {
        "minecraft-forge-utils": "cli.js"
      },
      "devDependencies": {
        "@typescript-eslint/eslint-plugin": "^5.3.1",
        "@typescript-eslint/parser": "^5.3.1",
        "eslint": "^8.2.0",
        "eslint-config-google": "^0.14.0",
        "eslint-config-prettier": "^8.3.0",
        "eslint-plugin-prettier": "^4.0.0",
        "npm-upgrade": "^3.0.0",
        "typescript": "^4.4.4"
      },
      "engines": {
        "npm": ">=7.0.0"
      }
    },
    "node_modules/minecraft-forge-utils": {
      "resolved": "../minecraft-forge-utils",
      "link": true
    }
  },
  "dependencies": {
    "minecraft-forge-utils": {
      "version": "file:../minecraft-forge-utils",
      "requires": {
        "@typescript-eslint/eslint-plugin": "^5.3.1",
        "@typescript-eslint/parser": "^5.3.1",
        "chalk": "^4.1.2",
        "enquirer": "^2.3.6",
        "eslint": "^8.2.0",
        "eslint-config-google": "^0.14.0",
        "eslint-config-prettier": "^8.3.0",
        "eslint-plugin-prettier": "^4.0.0",
        "fs-extra": "^10.0.0",
        "minecraft-utils-shared": "^0.2.5",
        "npm-upgrade": "^3.0.0",
        "typescript": "^4.4.4"
      }
    }
  }
}
